
Microsoft Visual Studio Solution File, Format Version 12.00
# Visual Studio Version 16
VisualStudioVersion = 16.0.31702.278
MinimumVisualStudioVersion = 10.0.40219.1
Project("{2150E333-8FDC-42A3-9474-1A3956D46DE8}") = "Tools", "Tools", "{C9E5BD11-3BC3-4C35-BB6D-77717FFE601C}"
EndProject
Project("{9A19103F-16F7-4668-BE54-9A1E7A4F7556}") = "NetSwissTools", "src\NetSwissTools\NetSwissTools.csproj", "{D8BCFA24-FC12-44FC-B7DD-80E7311F0F0B}"
EndProject
Project("{2150E333-8FDC-42A3-9474-1A3956D46DE8}") = "Tests", "Tests", "{6B7C4A25-871D-4904-90AB-9F9280948AF2}"
EndProject
Project("{FAE04EC0-301F-11D3-BF4B-00C04F79EFBC}") = "NetSwissTools.Tests", "NetSwissTools.Tests\NetSwissTools.Tests.csproj", "{7EBC996E-C5F3-4F6F-AD7D-7B2DD6165445}"
EndProject
Global
	GlobalSection(SolutionConfigurationPlatforms) = preSolution
		Debug|Any CPU = Debug|Any CPU
		Release|Any CPU = Release|Any CPU
	EndGlobalSection
	GlobalSection(ProjectConfigurationPlatforms) = postSolution
		{D8BCFA24-FC12-44FC-B7DD-80E7311F0F0B}.Debug|Any CPU.ActiveCfg = Debug|Any CPU
		{D8BCFA24-FC12-44FC-B7DD-80E7311F0F0B}.Debug|Any CPU.Build.0 = Debug|Any CPU
		{D8BCFA24-FC12-44FC-B7DD-80E7311F0F0B}.Release|Any CPU.ActiveCfg = Release|Any CPU
		{D8BCFA24-FC12-44FC-B7DD-80E7311F0F0B}.Release|Any CPU.Build.0 = Release|Any CPU
		{7EBC996E-C5F3-4F6F-AD7D-7B2DD6165445}.Debug|Any CPU.ActiveCfg = Debug|Any CPU
		{7EBC996E-C5F3-4F6F-AD7D-7B2DD6165445}.Debug|Any CPU.Build.0 = Debug|Any CPU
		{7EBC996E-C5F3-4F6F-AD7D-7B2DD6165445}.Release|Any CPU.ActiveCfg = Release|Any CPU
		{7EBC996E-C5F3-4F6F-AD7D-7B2DD6165445}.Release|Any CPU.Build.0 = Release|Any CPU
	EndGlobalSection
	GlobalSection(SolutionProperties) = preSolution
		HideSolutionNode = FALSE
	EndGlobalSection
	GlobalSection(NestedProjects) = preSolution
		{D8BCFA24-FC12-44FC-B7DD-80E7311F0F0B} = {C9E5BD11-3BC3-4C35-BB6D-77717FFE601C}
		{7EBC996E-C5F3-4F6F-AD7D-7B2DD6165445} = {6B7C4A25-871D-4904-90AB-9F9280948AF2}
	EndGlobalSection
	GlobalSection(ExtensibilityGlobals) = postSolution
		SolutionGuid = {DCE4E55D-69DB-4F4E-995F-9B23CFD335A1}
	EndGlobalSection
EndGlobal
